<?xml version="1.0" encoding="UTF-8" standalone="yes" ?>
<CodeBlocks_project_file>
	<FileVersion major="1" minor="6" />
	<Project>
		<Option title="Json" />
		<Option pch_mode="2" />
		<Option compiler="gcc" />
		<Build>
			<Target title="Debug">
				<Option output="bin/Debug/Json" prefix_auto="1" extension_auto="1" />
				<Option object_output="obj/Debug/" />
				<Option type="1" />
				<Option compiler="gcc" />
				<Compiler>
					<Add option="-g" />
				</Compiler>
			</Target>
			<Target title="Release">
				<Option output="bin/Release/Json" prefix_auto="1" extension_auto="1" />
				<Option object_output="obj/Release/" />
				<Option type="1" />
				<Option compiler="gcc" />
				<Compiler>
					<Add option="-O2" />
				</Compiler>
				<Linker>
					<Add option="-s" />
				</Linker>
			</Target>
		</Build>
		<Compiler>
			<Add option="-Wall" />
			<Add option="-fexceptions" />
		</Compiler>
		<Unit filename="FlipSwitch.cpp" />
		<Unit filename="FlipSwitch.h" />
		<Unit filename="InsideStringLiteralState.cpp" />
		<Unit filename="InsideStringLiteralState.h" />
		<Unit filename="JsonNode.cpp" />
		<Unit filename="JsonNode.h" />
		<Unit filename="JsonObject.cpp" />
		<Unit filename="JsonObject.h" />
		<Unit filename="JsonObjectIdentficationException.cpp" />
		<Unit filename="JsonObjectIdentficationException.h" />
		<Unit filename="JsonObjectIdentifier.cpp" />
		<Unit filename="JsonObjectIdentifier.h" />
		<Unit filename="JsonObjectSegmenter.cpp" />
		<Unit filename="JsonObjectSegmenter.h" />
		<Unit filename="JsonObjectSegmenterIgnoreSignState.cpp" />
		<Unit filename="JsonObjectSegmenterIgnoreSignState.h" />
		<Unit filename="JsonParser.cpp" />
		<Unit filename="JsonParser.h" />
		<Unit filename="JsonParserException.cpp" />
		<Unit filename="JsonParserException.h" />
		<Unit filename="JsonUtilities.cpp" />
		<Unit filename="JsonUtilities.h" />
		<Unit filename="JsonValue.cpp" />
		<Unit filename="JsonValue.h" />
		<Unit filename="StringHelper.cpp" />
		<Unit filename="StringHelper.h" />
		<Unit filename="main.cpp" />
		<Extensions>
			<code_completion />
			<envvars />
			<debugger />
			<lib_finder disable_auto="1" />
		</Extensions>
	</Project>
</CodeBlocks_project_file>
